
Microsoft Visual Studio Solution File, Format Version 12.00
# Visual Studio Version 17
VisualStudioVersion = 17.4.33213.308
MinimumVisualStudioVersion = 10.0.40219.1
Project("{9A19103F-16F7-4668-BE54-9A1E7A4F7556}") = "Engine", "Solution\Engine.csproj", "{A4192271-8F3E-4758-A8D6-383C65AB10B6}"
EndProject
Project("{9A19103F-16F7-4668-BE54-9A1E7A4F7556}") = "Utilities", "Utilities\Utilities.csproj", "{E0D739A4-FE63-44FF-B094-421B0505CFFF}"
EndProject
Project("{9A19103F-16F7-4668-BE54-9A1E7A4F7556}") = "UtilitiesTestProject", "UtilitiesTestProject\UtilitiesTestProject.csproj", "{61A78DA5-3BFA-4C80-AC24-2E32C0C1E26C}"
EndProject
Project("{FAE04EC0-301F-11D3-BF4B-00C04F79EFBC}") = "EngineTest", "EngineTest\EngineTest.csproj", "{026B4CD9-BF58-4904-85B0-CD6AD6E6B9A5}"
EndProject
Global
	GlobalSection(SolutionConfigurationPlatforms) = preSolution
		Debug|Any CPU = Debug|Any CPU
		Release|Any CPU = Release|Any CPU
	EndGlobalSection
	GlobalSection(ProjectConfigurationPlatforms) = postSolution
		{A4192271-8F3E-4758-A8D6-383C65AB10B6}.Debug|Any CPU.ActiveCfg = Debug|Any CPU
		{A4192271-8F3E-4758-A8D6-383C65AB10B6}.Debug|Any CPU.Build.0 = Debug|Any CPU
		{A4192271-8F3E-4758-A8D6-383C65AB10B6}.Release|Any CPU.ActiveCfg = Release|Any CPU
		{A4192271-8F3E-4758-A8D6-383C65AB10B6}.Release|Any CPU.Build.0 = Release|Any CPU
		{E0D739A4-FE63-44FF-B094-421B0505CFFF}.Debug|Any CPU.ActiveCfg = Debug|Any CPU
		{E0D739A4-FE63-44FF-B094-421B0505CFFF}.Debug|Any CPU.Build.0 = Debug|Any CPU
		{E0D739A4-FE63-44FF-B094-421B0505CFFF}.Release|Any CPU.ActiveCfg = Release|Any CPU
		{E0D739A4-FE63-44FF-B094-421B0505CFFF}.Release|Any CPU.Build.0 = Release|Any CPU
		{61A78DA5-3BFA-4C80-AC24-2E32C0C1E26C}.Debug|Any CPU.ActiveCfg = Debug|Any CPU
		{61A78DA5-3BFA-4C80-AC24-2E32C0C1E26C}.Debug|Any CPU.Build.0 = Debug|Any CPU
		{61A78DA5-3BFA-4C80-AC24-2E32C0C1E26C}.Release|Any CPU.ActiveCfg = Release|Any CPU
		{61A78DA5-3BFA-4C80-AC24-2E32C0C1E26C}.Release|Any CPU.Build.0 = Release|Any CPU
		{026B4CD9-BF58-4904-85B0-CD6AD6E6B9A5}.Debug|Any CPU.ActiveCfg = Debug|Any CPU
		{026B4CD9-BF58-4904-85B0-CD6AD6E6B9A5}.Debug|Any CPU.Build.0 = Debug|Any CPU
		{026B4CD9-BF58-4904-85B0-CD6AD6E6B9A5}.Release|Any CPU.ActiveCfg = Release|Any CPU
		{026B4CD9-BF58-4904-85B0-CD6AD6E6B9A5}.Release|Any CPU.Build.0 = Release|Any CPU
	EndGlobalSection
	GlobalSection(SolutionProperties) = preSolution
		HideSolutionNode = FALSE
	EndGlobalSection
	GlobalSection(ExtensibilityGlobals) = postSolution
		SolutionGuid = {A9555E89-2BC5-4864-8D2D-BED6B190B1CC}
	EndGlobalSection
EndGlobal
